github.com/Nv7-Github/scratch v0.0.0-20211125223106-e462d4d4d312 h1:pSks3POIhb+OHrMot8cQr1EmbylChrGysG0q1yN4Oug=
github.com/Nv7-Github/scratch v0.0.0-20211125223106-e462d4d4d312/go.mod h1:D24Smhgd4DxW6UZf+bF8Y1m+syR8EPjHhtcVXfilt4s=
github.com/nfnt/resize v0.0.0-20180221191011-83c6a9932646 h1:zYyBkD/k9seD2A7fsi6Oo2LfFZAehjjQMERAvZLEDnQ=
github.com/nfnt/resize v0.0.0-20180221191011-83c6a9932646/go.mod h1:jpp1/29i3P1S/RLdc7JQKbRpFeM1dOBd8T9ki5s+AY8=
